
Microsoft Visual Studio Solution File, Format Version 12.00
# Visual Studio 15
VisualStudioVersion = 15.0.28307.779
MinimumVisualStudioVersion = 10.0.40219.1
Project("{FAE04EC0-301F-11D3-BF4B-00C04F79EFBC}") = "Batch", "Batch\Batch.csproj", "{49E273DC-322A-4924-B5FE-C2EAAFE803E4}"
EndProject
Project("{FAE04EC0-301F-11D3-BF4B-00C04F79EFBC}") = "Batch.Common", "Batch.Common\Batch.Common.csproj", "{90790EC7-5DC3-4306-932E-83784CF11DBD}"
EndProject
Project("{FAE04EC0-301F-11D3-BF4B-00C04F79EFBC}") = "Batch.Host.Console", "Batch.Host.Console\Batch.Host.Console.csproj", "{62551AC7-0797-4E70-967F-77FEA3C4B06A}"
EndProject
Project("{FAE04EC0-301F-11D3-BF4B-00C04F79EFBC}") = "Batch.Host.Service", "Batch.Host.Service\Batch.Host.Service.csproj", "{8F85782A-8A9A-4D30-97EE-B7B5D31EDEDB}"
EndProject
Project("{FAE04EC0-301F-11D3-BF4B-00C04F79EFBC}") = "Batch.UnitTests", "Batch.UnitTests\Batch.UnitTests.csproj", "{D17C0784-79E5-44AC-90EF-5FBC8F2C5EE0}"
EndProject
Global
	GlobalSection(SolutionConfigurationPlatforms) = preSolution
		Debug|Any CPU = Debug|Any CPU
		Release|Any CPU = Release|Any CPU
	EndGlobalSection
	GlobalSection(ProjectConfigurationPlatforms) = postSolution
		{49E273DC-322A-4924-B5FE-C2EAAFE803E4}.Debug|Any CPU.ActiveCfg = Debug|Any CPU
		{49E273DC-322A-4924-B5FE-C2EAAFE803E4}.Debug|Any CPU.Build.0 = Debug|Any CPU
		{49E273DC-322A-4924-B5FE-C2EAAFE803E4}.Release|Any CPU.ActiveCfg = Release|Any CPU
		{49E273DC-322A-4924-B5FE-C2EAAFE803E4}.Release|Any CPU.Build.0 = Release|Any CPU
		{90790EC7-5DC3-4306-932E-83784CF11DBD}.Debug|Any CPU.ActiveCfg = Debug|Any CPU
		{90790EC7-5DC3-4306-932E-83784CF11DBD}.Debug|Any CPU.Build.0 = Debug|Any CPU
		{90790EC7-5DC3-4306-932E-83784CF11DBD}.Release|Any CPU.ActiveCfg = Release|Any CPU
		{90790EC7-5DC3-4306-932E-83784CF11DBD}.Release|Any CPU.Build.0 = Release|Any CPU
		{62551AC7-0797-4E70-967F-77FEA3C4B06A}.Debug|Any CPU.ActiveCfg = Debug|Any CPU
		{62551AC7-0797-4E70-967F-77FEA3C4B06A}.Debug|Any CPU.Build.0 = Debug|Any CPU
		{62551AC7-0797-4E70-967F-77FEA3C4B06A}.Release|Any CPU.ActiveCfg = Release|Any CPU
		{62551AC7-0797-4E70-967F-77FEA3C4B06A}.Release|Any CPU.Build.0 = Release|Any CPU
		{8F85782A-8A9A-4D30-97EE-B7B5D31EDEDB}.Debug|Any CPU.ActiveCfg = Debug|Any CPU
		{8F85782A-8A9A-4D30-97EE-B7B5D31EDEDB}.Debug|Any CPU.Build.0 = Debug|Any CPU
		{8F85782A-8A9A-4D30-97EE-B7B5D31EDEDB}.Release|Any CPU.ActiveCfg = Release|Any CPU
		{8F85782A-8A9A-4D30-97EE-B7B5D31EDEDB}.Release|Any CPU.Build.0 = Release|Any CPU
		{D17C0784-79E5-44AC-90EF-5FBC8F2C5EE0}.Debug|Any CPU.ActiveCfg = Debug|Any CPU
		{D17C0784-79E5-44AC-90EF-5FBC8F2C5EE0}.Debug|Any CPU.Build.0 = Debug|Any CPU
		{D17C0784-79E5-44AC-90EF-5FBC8F2C5EE0}.Release|Any CPU.ActiveCfg = Release|Any CPU
		{D17C0784-79E5-44AC-90EF-5FBC8F2C5EE0}.Release|Any CPU.Build.0 = Release|Any CPU
	EndGlobalSection
	GlobalSection(SolutionProperties) = preSolution
		HideSolutionNode = FALSE
	EndGlobalSection
	GlobalSection(ExtensibilityGlobals) = postSolution
		SolutionGuid = {C5999754-7171-4CF8-B3C8-46A6A0264D23}
	EndGlobalSection
EndGlobal
